
Microsoft Visual Studio Solution File, Format Version 12.00
# Visual Studio Version 16
VisualStudioVersion = 16.0.30804.86
MinimumVisualStudioVersion = 10.0.40219.1
Project("{9A19103F-16F7-4668-BE54-9A1E7A4F7556}") = "AktasTech.Core", "AktasTech.Core\AktasTech.Core.csproj", "{A2D56F4D-BE48-4666-95DD-D5AC9640D6A1}"
EndProject
Project("{9A19103F-16F7-4668-BE54-9A1E7A4F7556}") = "AktasTech.Entities", "AktasTech.Entities\AktasTech.Entities.csproj", "{580A4E10-B16A-4058-A39D-D50E57365BB3}"
EndProject
Project("{9A19103F-16F7-4668-BE54-9A1E7A4F7556}") = "AktasTech.Business", "AktasTech.Business\AktasTech.Business.csproj", "{71057FBC-C170-43C8-B311-F18959DA7878}"
EndProject
Project("{9A19103F-16F7-4668-BE54-9A1E7A4F7556}") = "AktasTech.DataAccess", "AktasTech.DataAccess\AktasTech.DataAccess.csproj", "{AB8B4CF3-86A3-49A9-BDAC-18546BA9D55F}"
EndProject
Project("{FAE04EC0-301F-11D3-BF4B-00C04F79EFBC}") = "AktasTech.WebUi", "AktasTech.WebUi\AktasTech.WebUi.csproj", "{322B6A6C-0B37-40A9-9EA3-A1ED6882ECFC}"
EndProject
Global
	GlobalSection(SolutionConfigurationPlatforms) = preSolution
		Debug|Any CPU = Debug|Any CPU
		Release|Any CPU = Release|Any CPU
	EndGlobalSection
	GlobalSection(ProjectConfigurationPlatforms) = postSolution
		{A2D56F4D-BE48-4666-95DD-D5AC9640D6A1}.Debug|Any CPU.ActiveCfg = Debug|Any CPU
		{A2D56F4D-BE48-4666-95DD-D5AC9640D6A1}.Debug|Any CPU.Build.0 = Debug|Any CPU
		{A2D56F4D-BE48-4666-95DD-D5AC9640D6A1}.Release|Any CPU.ActiveCfg = Release|Any CPU
		{A2D56F4D-BE48-4666-95DD-D5AC9640D6A1}.Release|Any CPU.Build.0 = Release|Any CPU
		{580A4E10-B16A-4058-A39D-D50E57365BB3}.Debug|Any CPU.ActiveCfg = Debug|Any CPU
		{580A4E10-B16A-4058-A39D-D50E57365BB3}.Debug|Any CPU.Build.0 = Debug|Any CPU
		{580A4E10-B16A-4058-A39D-D50E57365BB3}.Release|Any CPU.ActiveCfg = Release|Any CPU
		{580A4E10-B16A-4058-A39D-D50E57365BB3}.Release|Any CPU.Build.0 = Release|Any CPU
		{71057FBC-C170-43C8-B311-F18959DA7878}.Debug|Any CPU.ActiveCfg = Debug|Any CPU
		{71057FBC-C170-43C8-B311-F18959DA7878}.Debug|Any CPU.Build.0 = Debug|Any CPU
		{71057FBC-C170-43C8-B311-F18959DA7878}.Release|Any CPU.ActiveCfg = Release|Any CPU
		{71057FBC-C170-43C8-B311-F18959DA7878}.Release|Any CPU.Build.0 = Release|Any CPU
		{AB8B4CF3-86A3-49A9-BDAC-18546BA9D55F}.Debug|Any CPU.ActiveCfg = Debug|Any CPU
		{AB8B4CF3-86A3-49A9-BDAC-18546BA9D55F}.Debug|Any CPU.Build.0 = Debug|Any CPU
		{AB8B4CF3-86A3-49A9-BDAC-18546BA9D55F}.Release|Any CPU.ActiveCfg = Release|Any CPU
		{AB8B4CF3-86A3-49A9-BDAC-18546BA9D55F}.Release|Any CPU.Build.0 = Release|Any CPU
		{322B6A6C-0B37-40A9-9EA3-A1ED6882ECFC}.Debug|Any CPU.ActiveCfg = Debug|Any CPU
		{322B6A6C-0B37-40A9-9EA3-A1ED6882ECFC}.Debug|Any CPU.Build.0 = Debug|Any CPU
		{322B6A6C-0B37-40A9-9EA3-A1ED6882ECFC}.Release|Any CPU.ActiveCfg = Release|Any CPU
		{322B6A6C-0B37-40A9-9EA3-A1ED6882ECFC}.Release|Any CPU.Build.0 = Release|Any CPU
	EndGlobalSection
	GlobalSection(SolutionProperties) = preSolution
		HideSolutionNode = FALSE
	EndGlobalSection
	GlobalSection(ExtensibilityGlobals) = postSolution
		SolutionGuid = {182CCFF5-8A01-4992-9515-9EC186C58FAD}
	EndGlobalSection
EndGlobal
